
Microsoft Visual Studio Solution File, Format Version 10.00
# Visual C++ Express 2008
Project("{8BC9CEB8-8B4A-11D0-8D11-00A0C91BC942}") = "MyEngine", "SimpleScriptHGE.vcproj", "{D7BD3530-D3C0-41DC-96B8-B9AE7C04F795}"
EndProject
Project("{8BC9CEB8-8B4A-11D0-8D11-00A0C91BC942}") = "Library", "Library\Library.vcproj", "{95EE669A-92A5-46BE-B9A1-69094B445448}"
EndProject
Global
	GlobalSection(SolutionConfigurationPlatforms) = preSolution
		Debug|Win32 = Debug|Win32
		Editor Debug|Win32 = Editor Debug|Win32
		Release|Win32 = Release|Win32
	EndGlobalSection
	GlobalSection(ProjectConfigurationPlatforms) = postSolution
		{D7BD3530-D3C0-41DC-96B8-B9AE7C04F795}.Debug|Win32.ActiveCfg = Debug|Win32
		{D7BD3530-D3C0-41DC-96B8-B9AE7C04F795}.Debug|Win32.Build.0 = Debug|Win32
		{D7BD3530-D3C0-41DC-96B8-B9AE7C04F795}.Editor Debug|Win32.ActiveCfg = Editor Debug|Win32
		{D7BD3530-D3C0-41DC-96B8-B9AE7C04F795}.Release|Win32.ActiveCfg = Release|Win32
		{D7BD3530-D3C0-41DC-96B8-B9AE7C04F795}.Release|Win32.Build.0 = Release|Win32
		{95EE669A-92A5-46BE-B9A1-69094B445448}.Debug|Win32.ActiveCfg = Debug|Win32
		{95EE669A-92A5-46BE-B9A1-69094B445448}.Debug|Win32.Build.0 = Debug|Win32
		{95EE669A-92A5-46BE-B9A1-69094B445448}.Editor Debug|Win32.ActiveCfg = Editor Debug|Win32
		{95EE669A-92A5-46BE-B9A1-69094B445448}.Editor Debug|Win32.Build.0 = Editor Debug|Win32
		{95EE669A-92A5-46BE-B9A1-69094B445448}.Release|Win32.ActiveCfg = Release|Win32
		{95EE669A-92A5-46BE-B9A1-69094B445448}.Release|Win32.Build.0 = Release|Win32
	EndGlobalSection
	GlobalSection(SolutionProperties) = preSolution
		HideSolutionNode = FALSE
	EndGlobalSection
EndGlobal
